
Microsoft Visual Studio Solution File, Format Version 12.00
# Visual Studio 15
VisualStudioVersion = 15.0.26730.15
MinimumVisualStudioVersion = 10.0.40219.1
Project("{FAE04EC0-301F-11D3-BF4B-00C04F79EFBC}") = "STNServices2", "STNServices2\STNServices2.csproj", "{87DD0DDB-CEC1-42F4-A7A8-B9625CA03685}"
EndProject
Project("{FAE04EC0-301F-11D3-BF4B-00C04F79EFBC}") = "STNDB", "STNDB\STNDB.csproj", "{D984786E-68F6-430D-A16B-8B3028A51621}"
EndProject
Project("{FAE04EC0-301F-11D3-BF4B-00C04F79EFBC}") = "STNDB.Test", "STNDB.Test\STNDB.Test.csproj", "{D35B3FEB-87A2-425A-A419-43DB88A481E9}"
EndProject
Project("{FAE04EC0-301F-11D3-BF4B-00C04F79EFBC}") = "STNServices2.Test", "STNServices2.Test\STNServices2.Test.csproj", "{89186218-C802-4C21-86A7-834C08FD1C49}"
EndProject
Global
	GlobalSection(SolutionConfigurationPlatforms) = preSolution
		Debug|Any CPU = Debug|Any CPU
		Release|Any CPU = Release|Any CPU
	EndGlobalSection
	GlobalSection(ProjectConfigurationPlatforms) = postSolution
		{87DD0DDB-CEC1-42F4-A7A8-B9625CA03685}.Debug|Any CPU.ActiveCfg = Debug|Any CPU
		{87DD0DDB-CEC1-42F4-A7A8-B9625CA03685}.Debug|Any CPU.Build.0 = Debug|Any CPU
		{87DD0DDB-CEC1-42F4-A7A8-B9625CA03685}.Release|Any CPU.ActiveCfg = Release|Any CPU
		{87DD0DDB-CEC1-42F4-A7A8-B9625CA03685}.Release|Any CPU.Build.0 = Release|Any CPU
		{D984786E-68F6-430D-A16B-8B3028A51621}.Debug|Any CPU.ActiveCfg = Debug|Any CPU
		{D984786E-68F6-430D-A16B-8B3028A51621}.Debug|Any CPU.Build.0 = Debug|Any CPU
		{D984786E-68F6-430D-A16B-8B3028A51621}.Release|Any CPU.ActiveCfg = Release|Any CPU
		{D984786E-68F6-430D-A16B-8B3028A51621}.Release|Any CPU.Build.0 = Release|Any CPU
		{D35B3FEB-87A2-425A-A419-43DB88A481E9}.Debug|Any CPU.ActiveCfg = Debug|Any CPU
		{D35B3FEB-87A2-425A-A419-43DB88A481E9}.Debug|Any CPU.Build.0 = Debug|Any CPU
		{D35B3FEB-87A2-425A-A419-43DB88A481E9}.Release|Any CPU.ActiveCfg = Release|Any CPU
		{D35B3FEB-87A2-425A-A419-43DB88A481E9}.Release|Any CPU.Build.0 = Release|Any CPU
		{89186218-C802-4C21-86A7-834C08FD1C49}.Debug|Any CPU.ActiveCfg = Debug|Any CPU
		{89186218-C802-4C21-86A7-834C08FD1C49}.Debug|Any CPU.Build.0 = Debug|Any CPU
		{89186218-C802-4C21-86A7-834C08FD1C49}.Release|Any CPU.ActiveCfg = Release|Any CPU
		{89186218-C802-4C21-86A7-834C08FD1C49}.Release|Any CPU.Build.0 = Release|Any CPU
	EndGlobalSection
	GlobalSection(SolutionProperties) = preSolution
		HideSolutionNode = FALSE
	EndGlobalSection
	GlobalSection(ExtensibilityGlobals) = postSolution
		SolutionGuid = {472E454D-4976-49A3-8EC0-D4F5E2116725}
	EndGlobalSection
EndGlobal
